{
  "nodes": {
    "nixpkgs": {
      "locked": {
        "lastModified": 1765608474,
        "narHash": "sha256-9Wx53UK0z8Di5iesJID0tS1dRKwGxI4i7tsSanOHhF0=",
        "rev": "28bb483c11a1214a73f9fd2d9928a6e2ea86ec71",
        "revCount": 903398,
        "type": "tarball",
        "url": "https://api.flakehub.com/f/pinned/NixOS/nixpkgs/0.2511.903398%2Brev-28bb483c11a1214a73f9fd2d9928a6e2ea86ec71/019b1df0-6db1-798a-a7a4-e8c341c512ac/source.tar.gz"
      },
      "original": {
        "type": "tarball",
        "url": "https://flakehub.com/f/NixOS/nixpkgs/0"
      }
    },
    "root": {
      "inputs": {
        "nixpkgs": "nixpkgs"
      }
    }
  },
  "root": "root",
  "version": 7
}
